
Microsoft Visual Studio Solution File, Format Version 12.00
# Visual Studio Version 17
VisualStudioVersion = 17.5.002.0
MinimumVisualStudioVersion = 10.0.40219.1
Project("{9A19103F-16F7-4668-BE54-9A1E7A4F7556}") = "2024", "2024.csproj", "{61C381B6-502D-47D0-9170-37157A6F32B5}"
EndProject
Global
	GlobalSection(SolutionConfigurationPlatforms) = preSolution
		Debug|Any CPU = Debug|Any CPU
		Release|Any CPU = Release|Any CPU
	EndGlobalSection
	GlobalSection(ProjectConfigurationPlatforms) = postSolution
		{61C381B6-502D-47D0-9170-37157A6F32B5}.Debug|Any CPU.ActiveCfg = Debug|Any CPU
		{61C381B6-502D-47D0-9170-37157A6F32B5}.Debug|Any CPU.Build.0 = Debug|Any CPU
		{61C381B6-502D-47D0-9170-37157A6F32B5}.Release|Any CPU.ActiveCfg = Release|Any CPU
		{61C381B6-502D-47D0-9170-37157A6F32B5}.Release|Any CPU.Build.0 = Release|Any CPU
	EndGlobalSection
	GlobalSection(SolutionProperties) = preSolution
		HideSolutionNode = FALSE
	EndGlobalSection
	GlobalSection(ExtensibilityGlobals) = postSolution
		SolutionGuid = {27019341-39C1-4B24-BF22-BF3594E023E1}
	EndGlobalSection
EndGlobal
